
Microsoft Visual Studio Solution File, Format Version 12.00
# Visual Studio Version 17
VisualStudioVersion = 17.5.33627.172
MinimumVisualStudioVersion = 10.0.40219.1
Project("{FAE04EC0-301F-11D3-BF4B-00C04F79EFBC}") = "BiciklistickiSavez", "BiciklistickiSavez\BiciklistickiSavez.csproj", "{B0481C67-4CE4-44EB-ABED-349F8502E36D}"
EndProject
Project("{FAE04EC0-301F-11D3-BF4B-00C04F79EFBC}") = "SystemModels", "SystemModels\SystemModels.csproj", "{1D8E1B5A-A9CD-4DFA-88B1-4AD97CD080F2}"
EndProject
Global
	GlobalSection(SolutionConfigurationPlatforms) = preSolution
		Debug|Any CPU = Debug|Any CPU
		Release|Any CPU = Release|Any CPU
	EndGlobalSection
	GlobalSection(ProjectConfigurationPlatforms) = postSolution
		{B0481C67-4CE4-44EB-ABED-349F8502E36D}.Debug|Any CPU.ActiveCfg = Debug|Any CPU
		{B0481C67-4CE4-44EB-ABED-349F8502E36D}.Debug|Any CPU.Build.0 = Debug|Any CPU
		{B0481C67-4CE4-44EB-ABED-349F8502E36D}.Release|Any CPU.ActiveCfg = Release|Any CPU
		{B0481C67-4CE4-44EB-ABED-349F8502E36D}.Release|Any CPU.Build.0 = Release|Any CPU
		{1D8E1B5A-A9CD-4DFA-88B1-4AD97CD080F2}.Debug|Any CPU.ActiveCfg = Debug|Any CPU
		{1D8E1B5A-A9CD-4DFA-88B1-4AD97CD080F2}.Debug|Any CPU.Build.0 = Debug|Any CPU
		{1D8E1B5A-A9CD-4DFA-88B1-4AD97CD080F2}.Release|Any CPU.ActiveCfg = Release|Any CPU
		{1D8E1B5A-A9CD-4DFA-88B1-4AD97CD080F2}.Release|Any CPU.Build.0 = Release|Any CPU
	EndGlobalSection
	GlobalSection(SolutionProperties) = preSolution
		HideSolutionNode = FALSE
	EndGlobalSection
	GlobalSection(ExtensibilityGlobals) = postSolution
		SolutionGuid = {ED67BD8F-06CD-4FA7-BF20-A74BBAA122D3}
	EndGlobalSection
EndGlobal
